// !$*UTF8*$!
{
	archiveVersion = 1;
	classes = {
	};
	objectVersion = 46;
	objects = {

/* Begin PBXBuildFile section */
		F0060E0A1E48C54B005D26AB /* AppDelegate.swift in Sources */ = {isa = PBXBuildFile; fileRef = F0060E091E48C54B005D26AB /* AppDelegate.swift */; };
		F0060E0C1E48C54B005D26AB /* ViewController.swift in Sources */ = {isa = PBXBuildFile; fileRef = F0060E0B1E48C54B005D26AB /* ViewController.swift */; };
		F0060E0F1E48C54B005D26AB /* Main.storyboard in Resources */ = {isa = PBXBuildFile; fileRef = F0060E0D1E48C54B005D26AB /* Main.storyboard */; };
		F0060E111E48C54B005D26AB /* Assets.xcassets in Resources */ = {isa = PBXBuildFile; fileRef = F0060E101E48C54B005D26AB /* Assets.xcassets */; };
		F0060E141E48C54B005D26AB /* LaunchScreen.storyboard in Resources */ = {isa = PBXBuildFile; fileRef = F0060E121E48C54B005D26AB /* LaunchScreen.storyboard */; };
/* End PBXBuildFile section */

/* Begin PBXFileReference section */
		F0060E061E48C54B005D26AB /* IntuneExample.app */ = {isa = PBXFileReference; explicitFileType = wrapper.application; includeInIndex = 0; path = IntuneExample.app; sourceTree = BUILT_PRODUCTS_DIR; };
		F0060E091E48C54B005D26AB /* AppDelegate.swift */ = {isa = PBXFileReference; lastKnownFileType = sourcecode.swift; path = AppDelegate.swift; sourceTree = "<group>"; };
		F0060E0B1E48C54B005D26AB /* ViewController.swift */ = {isa = PBXFileReference; lastKnownFileType = sourcecode.swift; path = ViewController.swift; sourceTree = "<group>"; };
		F0060E0E1E48C54B005D26AB /* Base */ = {isa = PBXFileReference; lastKnownFileType = file.storyboard; name = Base; path = Base.lproj/Main.storyboard; sourceTree = "<group>"; };
		F0060E101E48C54B005D26AB /* Assets.xcassets */ = {isa = PBXFileReference; lastKnownFileType = folder.assetcatalog; path = Assets.xcassets; sourceTree = "<group>"; };
		F0060E131E48C54B005D26AB /* Base */ = {isa = PBXFileReference; lastKnownFileType = file.storyboard; name = Base; path = Base.lproj/LaunchScreen.storyboard; sourceTree = "<group>"; };
		F0060E151E48C54B005D26AB /* Info.plist */ = {isa = PBXFileReference; lastKnownFileType = text.plist.xml; path = Info.plist; sourceTree = "<group>"; };
/* End PBXFileReference section */

/* Begin PBXFrameworksBuildPhase section */
		F0060E031E48C54B005D26AB /* Frameworks */ = {
			isa = PBXFrameworksBuildPhase;
			buildActionMask = 2147483647;
			files = (
			);
			runOnlyForDeploymentPostprocessing = 0;
		};
/* End PBXFrameworksBuildPhase section */

/* Begin PBXGroup section */
		F0060DFD1E48C54B005D26AB = {
			isa = PBXGroup;
			children = (
				F0060E081E48C54B005D26AB /* IntuneExample */,
				F0060E071E48C54B005D26AB /* Products */,
			);
			sourceTree = "<group>";
		};
		F0060E071E48C54B005D26AB /* Products */ = {
			isa = PBXGroup;
			children = (
				F0060E061E48C54B005D26AB /* IntuneExample.app */,
			);
			name = Products;
			sourceTree = "<group>";
		};
		F0060E081E48C54B005D26AB /* IntuneExample */ = {
			isa = PBXGroup;
			children = (
				F0060E091E48C54B005D26AB /* AppDelegate.swift */,
				F0060E0B1E48C54B005D26AB /* ViewController.swift */,
				F0060E0D1E48C54B005D26AB /* Main.storyboard */,
				F0060E101E48C54B005D26AB /* Assets.xcassets */,
				F0060E121E48C54B005D26AB /* LaunchScreen.storyboard */,
				F0060E151E48C54B005D26AB /* Info.plist */,
			);
			path = IntuneExample;
			sourceTree = "<group>";
		};
/* End PBXGroup section */

/* Begin PBXNativeTarget section */
		F0060E051E48C54B005D26AB /* IntuneExample */ = {
			isa = PBXNativeTarget;
			buildConfigurationList = F0060E181E48C54B005D26AB /* Build configuration list for PBXNativeTarget "IntuneExample" */;
			buildPhases = (
				F0060E021E48C54B005D26AB /* Sources */,
				F0060E031E48C54B005D26AB /* Frameworks */,
				F0060E041E48C54B005D26AB /* Resources */,
			);
			buildRules = (
			);
			dependencies = (
			);
			name = IntuneExample;
			productName = IntuneExample;
			productReference = F0060E061E48C54B005D26AB /* IntuneExample.app */;
			productType = "com.apple.product-type.application";
		};
/* End PBXNativeTarget section */

/* Begin PBXProject section */
		F0060DFE1E48C54B005D26AB /* Project object */ = {
			isa = PBXProject;
			attributes = {
				LastSwiftUpdateCheck = 0820;
				LastUpgradeCheck = 0820;
				ORGANIZATIONNAME = "Guillaume Poirier";
				TargetAttributes = {
					F0060E051E48C54B005D26AB = {
						CreatedOnToolsVersion = 8.2;
						DevelopmentTeam = M4E885RENP;
						ProvisioningStyle = Automatic;
					};
				};
			};
			buildConfigurationList = F0060E011E48C54B005D26AB /* Build configuration list for PBXProject "IntuneExample" */;
			compatibilityVersion = "Xcode 3.2";
			developmentRegion = English;
			hasScannedForEncodings = 0;
			knownRegions = (
				en,
				Base,
			);
			mainGroup = F0060DFD1E48C54B005D26AB;
			productRefGroup = F0060E071E48C54B005D26AB /* Products */;
			projectDirPath = "";
			projectRoot = "";
			targets = (
				F0060E051E48C54B005D26AB /* IntuneExample */,
			);
		};
/* End PBXProject section */

/* Begin PBXResourcesBuildPhase section */
		F0060E041E48C54B005D26AB /* Resources */ = {
			isa = PBXResourcesBuildPhase;
			buildActionMask = 2147483647;
			files = (
				F0060E141E48C54B005D26AB /* LaunchScreen.storyboard in Resources */,
				F0060E111E48C54B005D26AB /* Assets.xcassets in Resources */,
				F0060E0F1E48C54B005D26AB /* Main.storyboard in Resources */,
			);
			runOnlyForDeploymentPostprocessing = 0;
		};
/* End PBXResourcesBuildPhase section */

/* Begin PBXSourcesBuildPhase section */
		F0060E021E48C54B005D26AB /* Sources */ = {
			isa = PBXSourcesBuildPhase;
			buildActionMask = 2147483647;
			files = (
				F0060E0C1E48C54B005D26AB /* ViewController.swift in Sources */,
				F0060E0A1E48C54B005D26AB /* AppDelegate.swift in Sources */,
			);
			runOnlyForDeploymentPostprocessing = 0;
		};
/* End PBXSourcesBuildPhase section */

/* Begin PBXVariantGroup section */
		F0060E0D1E48C54B005D26AB /* Main.storyboard */ = {
			isa = PBXVariantGroup;
			children = (
				F0060E0E1E48C54B005D26AB /* Base */,
			);
			name = Main.storyboard;
			sourceTree = "<group>";
		};
		F0060E121E48C54B005D26AB /* LaunchScreen.storyboard */ = {
			isa = PBXVariantGroup;
			children = (
				F0060E131E48C54B005D26AB /* Base */,
			);
			name = LaunchScreen.storyboard;
			sourceTree = "<group>";
		};
/* End PBXVariantGroup section */

/* Begin XCBuildConfiguration section */
		F0060E161E48C54B005D26AB /* Debug */ = {
			isa = XCBuildConfiguration;
			buildSettings = {
				ALWAYS_SEARCH_USER_PATHS = NO;
				CLANG_ANALYZER_NONNULL = YES;
				CLANG_CXX_LANGUAGE_STANDARD = "gnu++0x";
				CLANG_CXX_LIBRARY = "libc++";
				CLANG_ENABLE_MODULES = YES;
				CLANG_ENABLE_OBJC_ARC = YES;
				CLANG_WARN_BOOL_CONVERSION = YES;
				CLANG_WARN_CONSTANT_CONVERSION = YES;
				CLANG_WARN_DIRECT_OBJC_ISA_USAGE = YES_ERROR;
				CLANG_WARN_DOCUMENTATION_COMMENTS = YES;
				CLANG_WARN_EMPTY_BODY = YES;
				CLANG_WARN_ENUM_CONVERSION = YES;
				CLANG_WARN_INFINITE_RECURSION = YES;
				CLANG_WARN_INT_CONVERSION = YES;
				CLANG_WARN_OBJC_ROOT_CLASS = YES_ERROR;
				CLANG_WARN_SUSPICIOUS_MOVE = YES;
				CLANG_WARN_UNREACHABLE_CODE = YES;
				CLANG_WARN__DUPLICATE_METHOD_MATCH = YES;
				"CODE_SIGN_IDENTITY[sdk=iphoneos*]" = "iPhone Developer";
				COPY_PHASE_STRIP = NO;
				DEBUG_INFORMATION_FORMAT = dwarf;
				ENABLE_STRICT_OBJC_MSGSEND = YES;
				ENABLE_TESTABILITY = YES;
				GCC_C_LANGUAGE_STANDARD = gnu99;
				GCC_DYNAMIC_NO_PIC = NO;
				GCC_NO_COMMON_BLOCKS = YES;
				GCC_OPTIMIZATION_LEVEL = 0;
				GCC_PREPROCESSOR_DEFINITIONS = (
					"DEBUG=1",
					"$(inherited)",
				);
				GCC_WARN_64_TO_32_BIT_CONVERSION = YES;
				GCC_WARN_ABOUT_RETURN_TYPE = YES_ERROR;
				GCC_WARN_UNDECLARED_SELECTOR = YES;
				GCC_WARN_UNINITIALIZED_AUTOS = YES_AGGRESSIVE;
				GCC_WARN_UNUSED_FUNCTION = YES;
				GCC_WARN_UNUSED_VARIABLE = YES;
				IPHONEOS_DEPLOYMENT_TARGET = 10.2;
				MTL_ENABLE_DEBUG_INFO = YES;
				ONLY_ACTIVE_ARCH = YES;
				SDKROOT = iphoneos;
				SWIFT_ACTIVE_COMPILATION_CONDITIONS = DEBUG;
				SWIFT_OPTIMIZATION_LEVEL = "-Onone";
				TARGETED_DEVICE_FAMILY = "1,2";
			};
			name = Debug;
		};
		F0060E171E48C54B005D26AB /* Release */ = {
			isa = XCBuildConfiguration;
			buildSettings = {
				ALWAYS_SEARCH_USER_PATHS = NO;
				CLANG_ANALYZER_NONNULL = YES;
				CLANG_CXX_LANGUAGE_STANDARD = "gnu++0x";
				CLANG_CXX_LIBRARY = "libc++";
				CLANG_ENABLE_MODULES = YES;
				CLANG_ENABLE_OBJC_ARC = YES;
				CLANG_WARN_BOOL_CONVERSION = YES;
				CLANG_WARN_CONSTANT_CONVERSION = YES;
				CLANG_WARN_DIRECT_OBJC_ISA_USAGE = YES_ERROR;
				CLANG_WARN_DOCUMENTATION_COMMENTS = YES;
				CLANG_WARN_EMPTY_BODY = YES;
				CLANG_WARN_ENUM_CONVERSION = YES;
				CLANG_WARN_INFINITE_RECURSION = YES;
				CLANG_WARN_INT_CONVERSION = YES;
				CLANG_WARN_OBJC_ROOT_CLASS = YES_ERROR;
				CLANG_WARN_SUSPICIOUS_MOVE = YES;
				CLANG_WARN_UNREACHABLE_CODE = YES;
				CLANG_WARN__DUPLICATE_METHOD_MATCH = YES;
				"CODE_SIGN_IDENTITY[sdk=iphoneos*]" = "iPhone Developer";
				COPY_PHASE_STRIP = NO;
				DEBUG_INFORMATION_FORMAT = "dwarf-with-dsym";
				ENABLE_NS_ASSERTIONS = NO;
				ENABLE_STRICT_OBJC_MSGSEND = YES;
				GCC_C_LANGUAGE_STANDARD = gnu99;
				GCC_NO_COMMON_BLOCKS = YES;
				GCC_WARN_64_TO_32_BIT_CONVERSION = YES;
				GCC_WARN_ABOUT_RETURN_TYPE = YES_ERROR;
				GCC_WARN_UNDECLARED_SELECTOR = YES;
				GCC_WARN_UNINITIALIZED_AUTOS = YES_AGGRESSIVE;
				GCC_WARN_UNUSED_FUNCTION = YES;
				GCC_WARN_UNUSED_VARIABLE = YES;
				IPHONEOS_DEPLOYMENT_TARGET = 10.2;
				MTL_ENABLE_DEBUG_INFO = NO;
				SDKROOT = iphoneos;
				SWIFT_OPTIMIZATION_LEVEL = "-Owholemodule";
				TARGETED_DEVICE_FAMILY = "1,2";
				VALIDATE_PRODUCT = YES;
			};
			name = Release;
		};
		F0060E191E48C54B005D26AB /* Debug */ = {
			isa = XCBuildConfiguration;
			buildSettings = {
				ASSETCATALOG_COMPILER_APPICON_NAME = AppIcon;
				DEVELOPMENT_TEAM = M4E885RENP;
				INFOPLIST_FILE = IntuneExample/Info.plist;
				LD_RUNPATH_SEARCH_PATHS = "$(inherited) @executable_path/Frameworks";
				PRODUCT_BUNDLE_IDENTIFIER = "com.desjardins.intune-example";
				PRODUCT_NAME = "$(TARGET_NAME)";
				SWIFT_VERSION = 3.0;
			};
			name = Debug;
		};
		F0060E1A1E48C54B005D26AB /* Release */ = {
			isa = XCBuildConfiguration;
			buildSettings = {
				ASSETCATALOG_COMPILER_APPICON_NAME = AppIcon;
				DEVELOPMENT_TEAM = M4E885RENP;
				INFOPLIST_FILE = IntuneExample/Info.plist;
				LD_RUNPATH_SEARCH_PATHS = "$(inherited) @executable_path/Frameworks";
				PRODUCT_BUNDLE_IDENTIFIER = "com.desjardins.intune-example";
				PRODUCT_NAME = "$(TARGET_NAME)";
				SWIFT_VERSION = 3.0;
			};
			name = Release;
		};
/* End XCBuildConfiguration section */

/* Begin XCConfigurationList section */
		F0060E011E48C54B005D26AB /* Build configuration list for PBXProject "IntuneExample" */ = {
			isa = XCConfigurationList;
			buildConfigurations = (
				F0060E161E48C54B005D26AB /* Debug */,
				F0060E171E48C54B005D26AB /* Release */,
			);
			defaultConfigurationIsVisible = 0;
			defaultConfigurationName = Release;
		};
		F0060E181E48C54B005D26AB /* Build configuration list for PBXNativeTarget "IntuneExample" */ = {
			isa = XCConfigurationList;
			buildConfigurations = (
				F0060E191E48C54B005D26AB /* Debug */,
				F0060E1A1E48C54B005D26AB /* Release */,
			);
			defaultConfigurationIsVisible = 0;
		};
/* End XCConfigurationList section */
	};
	rootObject = F0060DFE1E48C54B005D26AB /* Project object */;
}
